
Microsoft Visual Studio Solution File, Format Version 12.00
# Visual Studio 15
VisualStudioVersion = 15.0.27130.2024
MinimumVisualStudioVersion = 10.0.40219.1
Project("{FAE04EC0-301F-11D3-BF4B-00C04F79EFBC}") = "ClassRep.Web", "ClassRep.Web\ClassRep.Web.csproj", "{C98C8F93-ED13-4D16-AEC3-3E5CA6A1925F}"
EndProject
Project("{2150E333-8FDC-42A3-9474-1A3956D46DE8}") = "Presentation", "Presentation", "{2C0681D2-8E08-4D33-A63C-F2F855C525A1}"
EndProject
Project("{2150E333-8FDC-42A3-9474-1A3956D46DE8}") = "ThirdParty", "ThirdParty", "{427C456F-B4FB-4574-A6F8-FB1916493115}"
EndProject
Project("{2150E333-8FDC-42A3-9474-1A3956D46DE8}") = "Tools", "Tools", "{33EAA0A7-2356-49CA-8A75-11B31997EAE5}"
EndProject
Project("{2150E333-8FDC-42A3-9474-1A3956D46DE8}") = "Models", "Models", "{D131E5EC-C467-4473-9F50-6C7F63C8A191}"
EndProject
Project("{2150E333-8FDC-42A3-9474-1A3956D46DE8}") = "BussinessLogic", "BussinessLogic", "{4802DB93-DD84-4E92-A78A-3B2437688DBA}"
EndProject
Project("{2150E333-8FDC-42A3-9474-1A3956D46DE8}") = "DataLayer", "DataLayer", "{6BF68166-A34B-4624-B737-9A23F18024C5}"
EndProject
Project("{FAE04EC0-301F-11D3-BF4B-00C04F79EFBC}") = "LoggingService", "LoggingService\LoggingService.csproj", "{F7557265-6E66-42FC-AAD8-D9840327F10E}"
EndProject
Project("{FAE04EC0-301F-11D3-BF4B-00C04F79EFBC}") = "Deventure.Common", "Deventure.Common\Deventure.Common.csproj", "{D536CF98-D0EE-48AD-98CB-EB2E0A027D2B}"
EndProject
Global
	GlobalSection(SolutionConfigurationPlatforms) = preSolution
		Debug|Any CPU = Debug|Any CPU
		Release|Any CPU = Release|Any CPU
	EndGlobalSection
	GlobalSection(ProjectConfigurationPlatforms) = postSolution
		{C98C8F93-ED13-4D16-AEC3-3E5CA6A1925F}.Debug|Any CPU.ActiveCfg = Debug|Any CPU
		{C98C8F93-ED13-4D16-AEC3-3E5CA6A1925F}.Debug|Any CPU.Build.0 = Debug|Any CPU
		{C98C8F93-ED13-4D16-AEC3-3E5CA6A1925F}.Release|Any CPU.ActiveCfg = Release|Any CPU
		{C98C8F93-ED13-4D16-AEC3-3E5CA6A1925F}.Release|Any CPU.Build.0 = Release|Any CPU
		{F7557265-6E66-42FC-AAD8-D9840327F10E}.Debug|Any CPU.ActiveCfg = Debug|Any CPU
		{F7557265-6E66-42FC-AAD8-D9840327F10E}.Debug|Any CPU.Build.0 = Debug|Any CPU
		{F7557265-6E66-42FC-AAD8-D9840327F10E}.Release|Any CPU.ActiveCfg = Release|Any CPU
		{F7557265-6E66-42FC-AAD8-D9840327F10E}.Release|Any CPU.Build.0 = Release|Any CPU
		{D536CF98-D0EE-48AD-98CB-EB2E0A027D2B}.Debug|Any CPU.ActiveCfg = Debug|Any CPU
		{D536CF98-D0EE-48AD-98CB-EB2E0A027D2B}.Debug|Any CPU.Build.0 = Debug|Any CPU
		{D536CF98-D0EE-48AD-98CB-EB2E0A027D2B}.Release|Any CPU.ActiveCfg = Release|Any CPU
		{D536CF98-D0EE-48AD-98CB-EB2E0A027D2B}.Release|Any CPU.Build.0 = Release|Any CPU
	EndGlobalSection
	GlobalSection(SolutionProperties) = preSolution
		HideSolutionNode = FALSE
	EndGlobalSection
	GlobalSection(NestedProjects) = preSolution
		{C98C8F93-ED13-4D16-AEC3-3E5CA6A1925F} = {2C0681D2-8E08-4D33-A63C-F2F855C525A1}
		{F7557265-6E66-42FC-AAD8-D9840327F10E} = {427C456F-B4FB-4574-A6F8-FB1916493115}
		{D536CF98-D0EE-48AD-98CB-EB2E0A027D2B} = {D131E5EC-C467-4473-9F50-6C7F63C8A191}
	EndGlobalSection
	GlobalSection(ExtensibilityGlobals) = postSolution
		SolutionGuid = {5EDE63C3-7A91-4A0B-BC73-9B4E7254F6F3}
	EndGlobalSection
EndGlobal
